// !$*UTF8*$!
{
	archiveVersion = 1;
	classes = {
	};
	objectVersion = 56;
	objects = {

/* Begin PBXBuildFile section */
		110AE8C92BC486D000976B1D /* libglm.dylib in Frameworks */ = {isa = PBXBuildFile; fileRef = 110AE8C82BC486D000976B1D /* libglm.dylib */; };
		110AE8CB2BC486ED00976B1D /* libglfw.3.3.dylib in Frameworks */ = {isa = PBXBuildFile; fileRef = 110AE8CA2BC486ED00976B1D /* libglfw.3.3.dylib */; };
		110AE8CD2BC486FD00976B1D /* libGLEW.2.2.0.dylib in Frameworks */ = {isa = PBXBuildFile; fileRef = 110AE8CC2BC486FD00976B1D /* libGLEW.2.2.0.dylib */; };
		110AE8CF2BC4871F00976B1D /* OpenGL.framework in Frameworks */ = {isa = PBXBuildFile; fileRef = 110AE8CE2BC4871F00976B1D /* OpenGL.framework */; };
		11E6749A2BC4C9DB006864D8 /* main.cpp in Sources */ = {isa = PBXBuildFile; fileRef = 11E674942BC4C9DB006864D8 /* main.cpp */; };
		11E6749B2BC4C9DB006864D8 /* Water.cpp in Sources */ = {isa = PBXBuildFile; fileRef = 11E674962BC4C9DB006864D8 /* Water.cpp */; };
/* End PBXBuildFile section */

/* Begin PBXCopyFilesBuildPhase section */
		110AE8BB2BC4854900976B1D /* CopyFiles */ = {
			isa = PBXCopyFilesBuildPhase;
			buildActionMask = 2147483647;
			dstPath = /usr/share/man/man1/;
			dstSubfolderSpec = 0;
			files = (
			);
			runOnlyForDeploymentPostprocessing = 1;
		};
/* End PBXCopyFilesBuildPhase section */

/* Begin PBXFileReference section */
		110AE8BD2BC4854900976B1D /* Assignment6 */ = {isa = PBXFileReference; explicitFileType = "compiled.mach-o.executable"; includeInIndex = 0; path = Assignment6; sourceTree = BUILT_PRODUCTS_DIR; };
		110AE8C82BC486D000976B1D /* libglm.dylib */ = {isa = PBXFileReference; lastKnownFileType = "compiled.mach-o.dylib"; name = libglm.dylib; path = ../../../../../opt/homebrew/Cellar/glm/1.0.0/lib/libglm.dylib; sourceTree = "<group>"; };
		110AE8CA2BC486ED00976B1D /* libglfw.3.3.dylib */ = {isa = PBXFileReference; lastKnownFileType = "compiled.mach-o.dylib"; name = libglfw.3.3.dylib; path = ../../../../../opt/homebrew/Cellar/glfw/3.3.9/lib/libglfw.3.3.dylib; sourceTree = "<group>"; };
		110AE8CC2BC486FD00976B1D /* libGLEW.2.2.0.dylib */ = {isa = PBXFileReference; lastKnownFileType = "compiled.mach-o.dylib"; name = libGLEW.2.2.0.dylib; path = ../../../../../opt/homebrew/Cellar/glew/2.2.0_1/lib/libGLEW.2.2.0.dylib; sourceTree = "<group>"; };
		110AE8CE2BC4871F00976B1D /* OpenGL.framework */ = {isa = PBXFileReference; lastKnownFileType = wrapper.framework; name = OpenGL.framework; path = System/Library/Frameworks/OpenGL.framework; sourceTree = SDKROOT; };
		11E674832BC4C9DB006864D8 /* boat.bmp */ = {isa = PBXFileReference; lastKnownFileType = image.bmp; path = boat.bmp; sourceTree = "<group>"; };
		11E674842BC4C9DB006864D8 /* boat.ply */ = {isa = PBXFileReference; fileEncoding = 4; lastKnownFileType = text; path = boat.ply; sourceTree = "<group>"; };
		11E674852BC4C9DB006864D8 /* displacement-map1.bmp */ = {isa = PBXFileReference; lastKnownFileType = image.bmp; path = "displacement-map1.bmp"; sourceTree = "<group>"; };
		11E674862BC4C9DB006864D8 /* eyes.bmp */ = {isa = PBXFileReference; lastKnownFileType = image.bmp; path = eyes.bmp; sourceTree = "<group>"; };
		11E674872BC4C9DB006864D8 /* eyes.ply */ = {isa = PBXFileReference; fileEncoding = 4; lastKnownFileType = text; path = eyes.ply; sourceTree = "<group>"; };
		11E674882BC4C9DB006864D8 /* head.bmp */ = {isa = PBXFileReference; lastKnownFileType = image.bmp; path = head.bmp; sourceTree = "<group>"; };
		11E674892BC4C9DB006864D8 /* head.ply */ = {isa = PBXFileReference; fileEncoding = 4; lastKnownFileType = text; path = head.ply; sourceTree = "<group>"; };
		11E6748A2BC4C9DB006864D8 /* water.bmp */ = {isa = PBXFileReference; lastKnownFileType = image.bmp; path = water.bmp; sourceTree = "<group>"; };
		11E6748C2BC4C9DB006864D8 /* FragShader.fs */ = {isa = PBXFileReference; fileEncoding = 4; lastKnownFileType = sourcecode.glsl; path = FragShader.fs; sourceTree = "<group>"; };
		11E6748D2BC4C9DB006864D8 /* GeoShader.gs */ = {isa = PBXFileReference; fileEncoding = 4; lastKnownFileType = sourcecode.glsl; path = GeoShader.gs; sourceTree = "<group>"; };
		11E6748E2BC4C9DB006864D8 /* tessCS.tcs */ = {isa = PBXFileReference; fileEncoding = 4; lastKnownFileType = text; path = tessCS.tcs; sourceTree = "<group>"; };
		11E6748F2BC4C9DB006864D8 /* tessES.tes */ = {isa = PBXFileReference; fileEncoding = 4; lastKnownFileType = text; path = tessES.tes; sourceTree = "<group>"; };
		11E674902BC4C9DB006864D8 /* VerShader.vs */ = {isa = PBXFileReference; fileEncoding = 4; lastKnownFileType = sourcecode.glsl; path = VerShader.vs; sourceTree = "<group>"; };
		11E674922BC4C9DB006864D8 /* Camera.h */ = {isa = PBXFileReference; fileEncoding = 4; lastKnownFileType = sourcecode.c.h; path = Camera.h; sourceTree = "<group>"; };
		11E674932BC4C9DB006864D8 /* ImageData.h */ = {isa = PBXFileReference; fileEncoding = 4; lastKnownFileType = sourcecode.c.h; path = ImageData.h; sourceTree = "<group>"; };
		11E674942BC4C9DB006864D8 /* main.cpp */ = {isa = PBXFileReference; fileEncoding = 4; lastKnownFileType = sourcecode.cpp.cpp; path = main.cpp; sourceTree = "<group>"; };
		11E674952BC4C9DB006864D8 /* ShaderProgram.h */ = {isa = PBXFileReference; fileEncoding = 4; lastKnownFileType = sourcecode.c.h; path = ShaderProgram.h; sourceTree = "<group>"; };
		11E674962BC4C9DB006864D8 /* Water.cpp */ = {isa = PBXFileReference; fileEncoding = 4; lastKnownFileType = sourcecode.cpp.cpp; path = Water.cpp; sourceTree = "<group>"; };
		11E674972BC4C9DB006864D8 /* Water.h */ = {isa = PBXFileReference; fileEncoding = 4; lastKnownFileType = sourcecode.c.h; path = Water.h; sourceTree = "<group>"; };
/* End PBXFileReference section */

/* Begin PBXFrameworksBuildPhase section */
		110AE8BA2BC4854900976B1D /* Frameworks */ = {
			isa = PBXFrameworksBuildPhase;
			buildActionMask = 2147483647;
			files = (
				110AE8CF2BC4871F00976B1D /* OpenGL.framework in Frameworks */,
				110AE8CD2BC486FD00976B1D /* libGLEW.2.2.0.dylib in Frameworks */,
				110AE8CB2BC486ED00976B1D /* libglfw.3.3.dylib in Frameworks */,
				110AE8C92BC486D000976B1D /* libglm.dylib in Frameworks */,
			);
			runOnlyForDeploymentPostprocessing = 0;
		};
/* End PBXFrameworksBuildPhase section */

/* Begin PBXGroup section */
		110AE8B42BC4854900976B1D = {
			isa = PBXGroup;
			children = (
				11E674992BC4C9DB006864D8 /* A6 */,
				110AE8BE2BC4854900976B1D /* Products */,
				110AE8C72BC486D000976B1D /* Frameworks */,
			);
			sourceTree = "<group>";
		};
		110AE8BE2BC4854900976B1D /* Products */ = {
			isa = PBXGroup;
			children = (
				110AE8BD2BC4854900976B1D /* Assignment6 */,
			);
			name = Products;
			sourceTree = "<group>";
		};
		110AE8C72BC486D000976B1D /* Frameworks */ = {
			isa = PBXGroup;
			children = (
				110AE8CE2BC4871F00976B1D /* OpenGL.framework */,
				110AE8CC2BC486FD00976B1D /* libGLEW.2.2.0.dylib */,
				110AE8CA2BC486ED00976B1D /* libglfw.3.3.dylib */,
				110AE8C82BC486D000976B1D /* libglm.dylib */,
			);
			name = Frameworks;
			sourceTree = "<group>";
		};
		11E6748B2BC4C9DB006864D8 /* assets */ = {
			isa = PBXGroup;
			children = (
				11E674832BC4C9DB006864D8 /* boat.bmp */,
				11E674842BC4C9DB006864D8 /* boat.ply */,
				11E674852BC4C9DB006864D8 /* displacement-map1.bmp */,
				11E674862BC4C9DB006864D8 /* eyes.bmp */,
				11E674872BC4C9DB006864D8 /* eyes.ply */,
				11E674882BC4C9DB006864D8 /* head.bmp */,
				11E674892BC4C9DB006864D8 /* head.ply */,
				11E6748A2BC4C9DB006864D8 /* water.bmp */,
			);
			path = assets;
			sourceTree = "<group>";
		};
		11E674912BC4C9DB006864D8 /* shaders */ = {
			isa = PBXGroup;
			children = (
				11E6748C2BC4C9DB006864D8 /* FragShader.fs */,
				11E6748D2BC4C9DB006864D8 /* GeoShader.gs */,
				11E6748E2BC4C9DB006864D8 /* tessCS.tcs */,
				11E6748F2BC4C9DB006864D8 /* tessES.tes */,
				11E674902BC4C9DB006864D8 /* VerShader.vs */,
			);
			path = shaders;
			sourceTree = "<group>";
		};
		11E674982BC4C9DB006864D8 /* source */ = {
			isa = PBXGroup;
			children = (
				11E674922BC4C9DB006864D8 /* Camera.h */,
				11E674932BC4C9DB006864D8 /* ImageData.h */,
				11E674942BC4C9DB006864D8 /* main.cpp */,
				11E674952BC4C9DB006864D8 /* ShaderProgram.h */,
				11E674962BC4C9DB006864D8 /* Water.cpp */,
				11E674972BC4C9DB006864D8 /* Water.h */,
			);
			path = source;
			sourceTree = "<group>";
		};
		11E674992BC4C9DB006864D8 /* A6 */ = {
			isa = PBXGroup;
			children = (
				11E6748B2BC4C9DB006864D8 /* assets */,
				11E674912BC4C9DB006864D8 /* shaders */,
				11E674982BC4C9DB006864D8 /* source */,
			);
			path = A6;
			sourceTree = "<group>";
		};
/* End PBXGroup section */

/* Begin PBXNativeTarget section */
		110AE8BC2BC4854900976B1D /* Assignment6 */ = {
			isa = PBXNativeTarget;
			buildConfigurationList = 110AE8C42BC4854900976B1D /* Build configuration list for PBXNativeTarget "Assignment6" */;
			buildPhases = (
				110AE8B92BC4854900976B1D /* Sources */,
				110AE8BA2BC4854900976B1D /* Frameworks */,
				110AE8BB2BC4854900976B1D /* CopyFiles */,
			);
			buildRules = (
			);
			dependencies = (
			);
			name = Assignment6;
			productName = Assignment6;
			productReference = 110AE8BD2BC4854900976B1D /* Assignment6 */;
			productType = "com.apple.product-type.tool";
		};
/* End PBXNativeTarget section */

/* Begin PBXProject section */
		110AE8B52BC4854900976B1D /* Project object */ = {
			isa = PBXProject;
			attributes = {
				BuildIndependentTargetsInParallel = 1;
				LastUpgradeCheck = 1530;
				TargetAttributes = {
					110AE8BC2BC4854900976B1D = {
						CreatedOnToolsVersion = 15.3;
					};
				};
			};
			buildConfigurationList = 110AE8B82BC4854900976B1D /* Build configuration list for PBXProject "Assignment6" */;
			compatibilityVersion = "Xcode 14.0";
			developmentRegion = en;
			hasScannedForEncodings = 0;
			knownRegions = (
				en,
				Base,
			);
			mainGroup = 110AE8B42BC4854900976B1D;
			productRefGroup = 110AE8BE2BC4854900976B1D /* Products */;
			projectDirPath = "";
			projectRoot = "";
			targets = (
				110AE8BC2BC4854900976B1D /* Assignment6 */,
			);
		};
/* End PBXProject section */

/* Begin PBXSourcesBuildPhase section */
		110AE8B92BC4854900976B1D /* Sources */ = {
			isa = PBXSourcesBuildPhase;
			buildActionMask = 2147483647;
			files = (
				11E6749A2BC4C9DB006864D8 /* main.cpp in Sources */,
				11E6749B2BC4C9DB006864D8 /* Water.cpp in Sources */,
			);
			runOnlyForDeploymentPostprocessing = 0;
		};
/* End PBXSourcesBuildPhase section */

/* Begin XCBuildConfiguration section */
		110AE8C22BC4854900976B1D /* Debug */ = {
			isa = XCBuildConfiguration;
			buildSettings = {
				ALWAYS_SEARCH_USER_PATHS = NO;
				ASSETCATALOG_COMPILER_GENERATE_SWIFT_ASSET_SYMBOL_EXTENSIONS = YES;
				CLANG_ANALYZER_NONNULL = YES;
				CLANG_ANALYZER_NUMBER_OBJECT_CONVERSION = YES_AGGRESSIVE;
				CLANG_CXX_LANGUAGE_STANDARD = "gnu++20";
				CLANG_ENABLE_MODULES = YES;
				CLANG_ENABLE_OBJC_ARC = YES;
				CLANG_ENABLE_OBJC_WEAK = YES;
				CLANG_WARN_BLOCK_CAPTURE_AUTORELEASING = YES;
				CLANG_WARN_BOOL_CONVERSION = YES;
				CLANG_WARN_COMMA = YES;
				CLANG_WARN_CONSTANT_CONVERSION = YES;
				CLANG_WARN_DEPRECATED_OBJC_IMPLEMENTATIONS = YES;
				CLANG_WARN_DIRECT_OBJC_ISA_USAGE = YES_ERROR;
				CLANG_WARN_DOCUMENTATION_COMMENTS = YES;
				CLANG_WARN_EMPTY_BODY = YES;
				CLANG_WARN_ENUM_CONVERSION = YES;
				CLANG_WARN_INFINITE_RECURSION = YES;
				CLANG_WARN_INT_CONVERSION = YES;
				CLANG_WARN_NON_LITERAL_NULL_CONVERSION = YES;
				CLANG_WARN_OBJC_IMPLICIT_RETAIN_SELF = YES;
				CLANG_WARN_OBJC_LITERAL_CONVERSION = YES;
				CLANG_WARN_OBJC_ROOT_CLASS = YES_ERROR;
				CLANG_WARN_QUOTED_INCLUDE_IN_FRAMEWORK_HEADER = YES;
				CLANG_WARN_RANGE_LOOP_ANALYSIS = YES;
				CLANG_WARN_STRICT_PROTOTYPES = YES;
				CLANG_WARN_SUSPICIOUS_MOVE = YES;
				CLANG_WARN_UNGUARDED_AVAILABILITY = YES_AGGRESSIVE;
				CLANG_WARN_UNREACHABLE_CODE = YES;
				CLANG_WARN__DUPLICATE_METHOD_MATCH = YES;
				COPY_PHASE_STRIP = NO;
				DEBUG_INFORMATION_FORMAT = dwarf;
				ENABLE_STRICT_OBJC_MSGSEND = YES;
				ENABLE_TESTABILITY = YES;
				ENABLE_USER_SCRIPT_SANDBOXING = YES;
				GCC_C_LANGUAGE_STANDARD = gnu17;
				GCC_DYNAMIC_NO_PIC = NO;
				GCC_NO_COMMON_BLOCKS = YES;
				GCC_OPTIMIZATION_LEVEL = 0;
				GCC_PREPROCESSOR_DEFINITIONS = (
					"DEBUG=1",
					"$(inherited)",
				);
				GCC_WARN_64_TO_32_BIT_CONVERSION = YES;
				GCC_WARN_ABOUT_RETURN_TYPE = YES_ERROR;
				GCC_WARN_UNDECLARED_SELECTOR = YES;
				GCC_WARN_UNINITIALIZED_AUTOS = YES_AGGRESSIVE;
				GCC_WARN_UNUSED_FUNCTION = YES;
				GCC_WARN_UNUSED_VARIABLE = YES;
				LOCALIZATION_PREFERS_STRING_CATALOGS = YES;
				MACOSX_DEPLOYMENT_TARGET = 14.2;
				MTL_ENABLE_DEBUG_INFO = INCLUDE_SOURCE;
				MTL_FAST_MATH = YES;
				ONLY_ACTIVE_ARCH = YES;
				SDKROOT = macosx;
			};
			name = Debug;
		};
		110AE8C32BC4854900976B1D /* Release */ = {
			isa = XCBuildConfiguration;
			buildSettings = {
				ALWAYS_SEARCH_USER_PATHS = NO;
				ASSETCATALOG_COMPILER_GENERATE_SWIFT_ASSET_SYMBOL_EXTENSIONS = YES;
				CLANG_ANALYZER_NONNULL = YES;
				CLANG_ANALYZER_NUMBER_OBJECT_CONVERSION = YES_AGGRESSIVE;
				CLANG_CXX_LANGUAGE_STANDARD = "gnu++20";
				CLANG_ENABLE_MODULES = YES;
				CLANG_ENABLE_OBJC_ARC = YES;
				CLANG_ENABLE_OBJC_WEAK = YES;
				CLANG_WARN_BLOCK_CAPTURE_AUTORELEASING = YES;
				CLANG_WARN_BOOL_CONVERSION = YES;
				CLANG_WARN_COMMA = YES;
				CLANG_WARN_CONSTANT_CONVERSION = YES;
				CLANG_WARN_DEPRECATED_OBJC_IMPLEMENTATIONS = YES;
				CLANG_WARN_DIRECT_OBJC_ISA_USAGE = YES_ERROR;
				CLANG_WARN_DOCUMENTATION_COMMENTS = YES;
				CLANG_WARN_EMPTY_BODY = YES;
				CLANG_WARN_ENUM_CONVERSION = YES;
				CLANG_WARN_INFINITE_RECURSION = YES;
				CLANG_WARN_INT_CONVERSION = YES;
				CLANG_WARN_NON_LITERAL_NULL_CONVERSION = YES;
				CLANG_WARN_OBJC_IMPLICIT_RETAIN_SELF = YES;
				CLANG_WARN_OBJC_LITERAL_CONVERSION = YES;
				CLANG_WARN_OBJC_ROOT_CLASS = YES_ERROR;
				CLANG_WARN_QUOTED_INCLUDE_IN_FRAMEWORK_HEADER = YES;
				CLANG_WARN_RANGE_LOOP_ANALYSIS = YES;
				CLANG_WARN_STRICT_PROTOTYPES = YES;
				CLANG_WARN_SUSPICIOUS_MOVE = YES;
				CLANG_WARN_UNGUARDED_AVAILABILITY = YES_AGGRESSIVE;
				CLANG_WARN_UNREACHABLE_CODE = YES;
				CLANG_WARN__DUPLICATE_METHOD_MATCH = YES;
				COPY_PHASE_STRIP = NO;
				DEBUG_INFORMATION_FORMAT = "dwarf-with-dsym";
				ENABLE_NS_ASSERTIONS = NO;
				ENABLE_STRICT_OBJC_MSGSEND = YES;
				ENABLE_USER_SCRIPT_SANDBOXING = YES;
				GCC_C_LANGUAGE_STANDARD = gnu17;
				GCC_NO_COMMON_BLOCKS = YES;
				GCC_WARN_64_TO_32_BIT_CONVERSION = YES;
				GCC_WARN_ABOUT_RETURN_TYPE = YES_ERROR;
				GCC_WARN_UNDECLARED_SELECTOR = YES;
				GCC_WARN_UNINITIALIZED_AUTOS = YES_AGGRESSIVE;
				GCC_WARN_UNUSED_FUNCTION = YES;
				GCC_WARN_UNUSED_VARIABLE = YES;
				LOCALIZATION_PREFERS_STRING_CATALOGS = YES;
				MACOSX_DEPLOYMENT_TARGET = 14.2;
				MTL_ENABLE_DEBUG_INFO = NO;
				MTL_FAST_MATH = YES;
				SDKROOT = macosx;
			};
			name = Release;
		};
		110AE8C52BC4854900976B1D /* Debug */ = {
			isa = XCBuildConfiguration;
			buildSettings = {
				CODE_SIGN_STYLE = Automatic;
				HEADER_SEARCH_PATHS = (
					/opt/homebrew/include,
					/opt/local/include,
				);
				LIBRARY_SEARCH_PATHS = (
					/opt/homebrew/Cellar/glfw/3.3.9/lib,
					/opt/homebrew/Cellar/glew/2.2.0_1/lib,
					/opt/homebrew/Cellar/glm/1.0.0/lib,
					/opt/local/include/stb,
				);
				PRODUCT_NAME = "$(TARGET_NAME)";
			};
			name = Debug;
		};
		110AE8C62BC4854900976B1D /* Release */ = {
			isa = XCBuildConfiguration;
			buildSettings = {
				CODE_SIGN_STYLE = Automatic;
				HEADER_SEARCH_PATHS = (
					/opt/homebrew/include,
					/opt/local/include,
				);
				LIBRARY_SEARCH_PATHS = (
					/opt/homebrew/Cellar/glfw/3.3.9/lib,
					/opt/homebrew/Cellar/glew/2.2.0_1/lib,
					/opt/homebrew/Cellar/glm/1.0.0/lib,
					/opt/local/include/stb,
				);
				PRODUCT_NAME = "$(TARGET_NAME)";
			};
			name = Release;
		};
/* End XCBuildConfiguration section */

/* Begin XCConfigurationList section */
		110AE8B82BC4854900976B1D /* Build configuration list for PBXProject "Assignment6" */ = {
			isa = XCConfigurationList;
			buildConfigurations = (
				110AE8C22BC4854900976B1D /* Debug */,
				110AE8C32BC4854900976B1D /* Release */,
			);
			defaultConfigurationIsVisible = 0;
			defaultConfigurationName = Release;
		};
		110AE8C42BC4854900976B1D /* Build configuration list for PBXNativeTarget "Assignment6" */ = {
			isa = XCConfigurationList;
			buildConfigurations = (
				110AE8C52BC4854900976B1D /* Debug */,
				110AE8C62BC4854900976B1D /* Release */,
			);
			defaultConfigurationIsVisible = 0;
			defaultConfigurationName = Release;
		};
/* End XCConfigurationList section */
	};
	rootObject = 110AE8B52BC4854900976B1D /* Project object */;
}
